// !$*UTF8*$!
{
	archiveVersion = 1;
	classes = {
	};
	objectVersion = 46;
	objects = {

/* Begin PBXBuildFile section */
		2583113617DC14250093B5B2 /* CoreLocation.framework in Frameworks */ = {isa = PBXBuildFile; fileRef = 2583113517DC14250093B5B2 /* CoreLocation.framework */; };
		2583113817DC142C0093B5B2 /* CoreBluetooth.framework in Frameworks */ = {isa = PBXBuildFile; fileRef = 2583113717DC142C0093B5B2 /* CoreBluetooth.framework */; };
		491B1ABF17DC23E200B9C07D /* AppIcon29x29.png in Resources */ = {isa = PBXBuildFile; fileRef = 491B1AB517DC23E200B9C07D /* AppIcon29x29.png */; };
		491B1AC017DC23E200B9C07D /* AppIcon29x29@2x.png in Resources */ = {isa = PBXBuildFile; fileRef = 491B1AB617DC23E200B9C07D /* AppIcon29x29@2x.png */; };
		491B1AC117DC23E200B9C07D /* AppIcon40x40.png in Resources */ = {isa = PBXBuildFile; fileRef = 491B1AB717DC23E200B9C07D /* AppIcon40x40.png */; };
		491B1AC217DC23E200B9C07D /* AppIcon40x40@2x.png in Resources */ = {isa = PBXBuildFile; fileRef = 491B1AB817DC23E200B9C07D /* AppIcon40x40@2x.png */; };
		491B1AC317DC23E200B9C07D /* AppIcon60x60.png in Resources */ = {isa = PBXBuildFile; fileRef = 491B1AB917DC23E200B9C07D /* AppIcon60x60.png */; };
		491B1AC417DC23E200B9C07D /* AppIcon60x60@2x.png in Resources */ = {isa = PBXBuildFile; fileRef = 491B1ABA17DC23E200B9C07D /* AppIcon60x60@2x.png */; };
		491B1AC517DC23E200B9C07D /* AppIcon76x76.png in Resources */ = {isa = PBXBuildFile; fileRef = 491B1ABB17DC23E200B9C07D /* AppIcon76x76.png */; };
		491B1AC617DC23E200B9C07D /* AppIcon76x76@2x.png in Resources */ = {isa = PBXBuildFile; fileRef = 491B1ABC17DC23E200B9C07D /* AppIcon76x76@2x.png */; };
		491B1AC717DC23E200B9C07D /* iTunesArtwork.png in Resources */ = {isa = PBXBuildFile; fileRef = 491B1ABD17DC23E200B9C07D /* iTunesArtwork.png */; };
		491B1AC817DC23E200B9C07D /* iTunesArtwork@2x.png in Resources */ = {isa = PBXBuildFile; fileRef = 491B1ABE17DC23E200B9C07D /* iTunesArtwork@2x.png */; };
		AB68E89D00A243EB96329240 /* libPods.a in Frameworks */ = {isa = PBXBuildFile; fileRef = C0A78F4E33444004A92586A6 /* libPods.a */; };
		CBB82F2517DC7AB8003ADD45 /* AddNoteViewController.m in Sources */ = {isa = PBXBuildFile; fileRef = CBB82F2317DC7AB8003ADD45 /* AddNoteViewController.m */; };
		CBB82F2617DC7AB8003ADD45 /* AddNoteViewController.xib in Resources */ = {isa = PBXBuildFile; fileRef = CBB82F2417DC7AB8003ADD45 /* AddNoteViewController.xib */; };
		CBB82F2B17DC7B40003ADD45 /* Randy98x98@2xhighlight.png in Resources */ = {isa = PBXBuildFile; fileRef = CBB82F2717DC7B40003ADD45 /* Randy98x98@2xhighlight.png */; };
		CBB82F2C17DC7B40003ADD45 /* Randy98x98@2x.png in Resources */ = {isa = PBXBuildFile; fileRef = CBB82F2817DC7B40003ADD45 /* Randy98x98@2x.png */; };
		CBB82F2D17DC7B40003ADD45 /* Mila98x98@2xhighlight.png in Resources */ = {isa = PBXBuildFile; fileRef = CBB82F2917DC7B40003ADD45 /* Mila98x98@2xhighlight.png */; };
		CBB82F2E17DC7B40003ADD45 /* Andrew98x98@2xhighlight.png in Resources */ = {isa = PBXBuildFile; fileRef = CBB82F2A17DC7B40003ADD45 /* Andrew98x98@2xhighlight.png */; };
		CBB82F3017DC7B49003ADD45 /* OfficeIcon98x98 (2).png in Resources */ = {isa = PBXBuildFile; fileRef = CBB82F2F17DC7B49003ADD45 /* OfficeIcon98x98 (2).png */; };
		CBB82F3217DC7B4F003ADD45 /* HomeIcon98x98.png in Resources */ = {isa = PBXBuildFile; fileRef = CBB82F3117DC7B4F003ADD45 /* HomeIcon98x98.png */; };
		CBB82F3417DC7B58003ADD45 /* Mila98x98@2x.png in Resources */ = {isa = PBXBuildFile; fileRef = CBB82F3317DC7B58003ADD45 /* Mila98x98@2x.png */; };
		CBB82F3617DC7B5D003ADD45 /* Andrew98x98@2x.png in Resources */ = {isa = PBXBuildFile; fileRef = CBB82F3517DC7B5D003ADD45 /* Andrew98x98@2x.png */; };
		CBE363DE17DC018B00C2EF89 /* Foundation.framework in Frameworks */ = {isa = PBXBuildFile; fileRef = CBE363DD17DC018B00C2EF89 /* Foundation.framework */; };
		CBE363E017DC018B00C2EF89 /* CoreGraphics.framework in Frameworks */ = {isa = PBXBuildFile; fileRef = CBE363DF17DC018B00C2EF89 /* CoreGraphics.framework */; };
		CBE363E217DC018B00C2EF89 /* UIKit.framework in Frameworks */ = {isa = PBXBuildFile; fileRef = CBE363E117DC018B00C2EF89 /* UIKit.framework */; };
		CBE363E817DC018B00C2EF89 /* InfoPlist.strings in Resources */ = {isa = PBXBuildFile; fileRef = CBE363E617DC018B00C2EF89 /* InfoPlist.strings */; };
		CBE363EA17DC018B00C2EF89 /* main.m in Sources */ = {isa = PBXBuildFile; fileRef = CBE363E917DC018B00C2EF89 /* main.m */; };
		CBE363EE17DC018B00C2EF89 /* AppDelegate.m in Sources */ = {isa = PBXBuildFile; fileRef = CBE363ED17DC018B00C2EF89 /* AppDelegate.m */; };
		CBE363F117DC018B00C2EF89 /* Main.storyboard in Resources */ = {isa = PBXBuildFile; fileRef = CBE363EF17DC018B00C2EF89 /* Main.storyboard */; };
		CBE363F417DC018B00C2EF89 /* MasterViewController.m in Sources */ = {isa = PBXBuildFile; fileRef = CBE363F317DC018B00C2EF89 /* MasterViewController.m */; };
		CBE363F717DC018B00C2EF89 /* DetailViewController.m in Sources */ = {isa = PBXBuildFile; fileRef = CBE363F617DC018B00C2EF89 /* DetailViewController.m */; };
		CBE363F917DC018B00C2EF89 /* Images.xcassets in Resources */ = {isa = PBXBuildFile; fileRef = CBE363F817DC018B00C2EF89 /* Images.xcassets */; };
		CBE3640017DC018C00C2EF89 /* XCTest.framework in Frameworks */ = {isa = PBXBuildFile; fileRef = CBE363FF17DC018C00C2EF89 /* XCTest.framework */; };
		CBE3640117DC018C00C2EF89 /* Foundation.framework in Frameworks */ = {isa = PBXBuildFile; fileRef = CBE363DD17DC018B00C2EF89 /* Foundation.framework */; };
		CBE3640217DC018C00C2EF89 /* UIKit.framework in Frameworks */ = {isa = PBXBuildFile; fileRef = CBE363E117DC018B00C2EF89 /* UIKit.framework */; };
		CBE3640A17DC018C00C2EF89 /* InfoPlist.strings in Resources */ = {isa = PBXBuildFile; fileRef = CBE3640817DC018C00C2EF89 /* InfoPlist.strings */; };
		CBE3640C17DC018C00C2EF89 /* bluenote_iosTests.m in Sources */ = {isa = PBXBuildFile; fileRef = CBE3640B17DC018C00C2EF89 /* bluenote_iosTests.m */; };
		CBE3641A17DC01C000C2EF89 /* Note.m in Sources */ = {isa = PBXBuildFile; fileRef = CBE3641717DC01C000C2EF89 /* Note.m */; };
		CBE3641B17DC01C000C2EF89 /* User.m in Sources */ = {isa = PBXBuildFile; fileRef = CBE3641917DC01C000C2EF89 /* User.m */; };
/* End PBXBuildFile section */

/* Begin PBXContainerItemProxy section */
		CBE3640317DC018C00C2EF89 /* PBXContainerItemProxy */ = {
			isa = PBXContainerItemProxy;
			containerPortal = CBE363D217DC018B00C2EF89 /* Project object */;
			proxyType = 1;
			remoteGlobalIDString = CBE363D917DC018B00C2EF89;
			remoteInfo = "bluenote-ios";
		};
/* End PBXContainerItemProxy section */

/* Begin PBXFileReference section */
		2583113517DC14250093B5B2 /* CoreLocation.framework */ = {isa = PBXFileReference; lastKnownFileType = wrapper.framework; name = CoreLocation.framework; path = System/Library/Frameworks/CoreLocation.framework; sourceTree = SDKROOT; };
		2583113717DC142C0093B5B2 /* CoreBluetooth.framework */ = {isa = PBXFileReference; lastKnownFileType = wrapper.framework; name = CoreBluetooth.framework; path = System/Library/Frameworks/CoreBluetooth.framework; sourceTree = SDKROOT; };
		491B1AB517DC23E200B9C07D /* AppIcon29x29.png */ = {isa = PBXFileReference; lastKnownFileType = image.png; name = AppIcon29x29.png; path = "App Icon [Squared]/AppIcon29x29.png"; sourceTree = "<group>"; };
		491B1AB617DC23E200B9C07D /* AppIcon29x29@2x.png */ = {isa = PBXFileReference; lastKnownFileType = image.png; name = "AppIcon29x29@2x.png"; path = "App Icon [Squared]/AppIcon29x29@2x.png"; sourceTree = "<group>"; };
		491B1AB717DC23E200B9C07D /* AppIcon40x40.png */ = {isa = PBXFileReference; lastKnownFileType = image.png; name = AppIcon40x40.png; path = "App Icon [Squared]/AppIcon40x40.png"; sourceTree = "<group>"; };
		491B1AB817DC23E200B9C07D /* AppIcon40x40@2x.png */ = {isa = PBXFileReference; lastKnownFileType = image.png; name = "AppIcon40x40@2x.png"; path = "App Icon [Squared]/AppIcon40x40@2x.png"; sourceTree = "<group>"; };
		491B1AB917DC23E200B9C07D /* AppIcon60x60.png */ = {isa = PBXFileReference; lastKnownFileType = image.png; name = AppIcon60x60.png; path = "App Icon [Squared]/AppIcon60x60.png"; sourceTree = "<group>"; };
		491B1ABA17DC23E200B9C07D /* AppIcon60x60@2x.png */ = {isa = PBXFileReference; lastKnownFileType = image.png; name = "AppIcon60x60@2x.png"; path = "App Icon [Squared]/AppIcon60x60@2x.png"; sourceTree = "<group>"; };
		491B1ABB17DC23E200B9C07D /* AppIcon76x76.png */ = {isa = PBXFileReference; lastKnownFileType = image.png; name = AppIcon76x76.png; path = "App Icon [Squared]/AppIcon76x76.png"; sourceTree = "<group>"; };
		491B1ABC17DC23E200B9C07D /* AppIcon76x76@2x.png */ = {isa = PBXFileReference; lastKnownFileType = image.png; name = "AppIcon76x76@2x.png"; path = "App Icon [Squared]/AppIcon76x76@2x.png"; sourceTree = "<group>"; };
		491B1ABD17DC23E200B9C07D /* iTunesArtwork.png */ = {isa = PBXFileReference; lastKnownFileType = image.png; name = iTunesArtwork.png; path = "App Icon [Squared]/iTunesArtwork.png"; sourceTree = "<group>"; };
		491B1ABE17DC23E200B9C07D /* iTunesArtwork@2x.png */ = {isa = PBXFileReference; lastKnownFileType = image.png; name = "iTunesArtwork@2x.png"; path = "App Icon [Squared]/iTunesArtwork@2x.png"; sourceTree = "<group>"; };
		5B7BDB0307B54471B834A77D /* Pods.xcconfig */ = {isa = PBXFileReference; includeInIndex = 1; lastKnownFileType = text.xcconfig; name = Pods.xcconfig; path = Pods/Pods.xcconfig; sourceTree = SOURCE_ROOT; };
		C0A78F4E33444004A92586A6 /* libPods.a */ = {isa = PBXFileReference; explicitFileType = archive.ar; includeInIndex = 0; path = libPods.a; sourceTree = BUILT_PRODUCTS_DIR; };
		CBB82F2217DC7AB8003ADD45 /* AddNoteViewController.h */ = {isa = PBXFileReference; fileEncoding = 4; lastKnownFileType = sourcecode.c.h; path = AddNoteViewController.h; sourceTree = "<group>"; };
		CBB82F2317DC7AB8003ADD45 /* AddNoteViewController.m */ = {isa = PBXFileReference; fileEncoding = 4; lastKnownFileType = sourcecode.c.objc; path = AddNoteViewController.m; sourceTree = "<group>"; };
		CBB82F2417DC7AB8003ADD45 /* AddNoteViewController.xib */ = {isa = PBXFileReference; fileEncoding = 4; lastKnownFileType = file.xib; path = AddNoteViewController.xib; sourceTree = "<group>"; };
		CBB82F2717DC7B40003ADD45 /* Randy98x98@2xhighlight.png */ = {isa = PBXFileReference; lastKnownFileType = image.png; path = "Randy98x98@2xhighlight.png"; sourceTree = "<group>"; };
		CBB82F2817DC7B40003ADD45 /* Randy98x98@2x.png */ = {isa = PBXFileReference; lastKnownFileType = image.png; path = "Randy98x98@2x.png"; sourceTree = "<group>"; };
		CBB82F2917DC7B40003ADD45 /* Mila98x98@2xhighlight.png */ = {isa = PBXFileReference; lastKnownFileType = image.png; path = "Mila98x98@2xhighlight.png"; sourceTree = "<group>"; };
		CBB82F2A17DC7B40003ADD45 /* Andrew98x98@2xhighlight.png */ = {isa = PBXFileReference; lastKnownFileType = image.png; path = "Andrew98x98@2xhighlight.png"; sourceTree = "<group>"; };
		CBB82F2F17DC7B49003ADD45 /* OfficeIcon98x98 (2).png */ = {isa = PBXFileReference; lastKnownFileType = image.png; path = "OfficeIcon98x98 (2).png"; sourceTree = "<group>"; };
		CBB82F3117DC7B4F003ADD45 /* HomeIcon98x98.png */ = {isa = PBXFileReference; lastKnownFileType = image.png; path = HomeIcon98x98.png; sourceTree = "<group>"; };
		CBB82F3317DC7B58003ADD45 /* Mila98x98@2x.png */ = {isa = PBXFileReference; lastKnownFileType = image.png; path = "Mila98x98@2x.png"; sourceTree = "<group>"; };
		CBB82F3517DC7B5D003ADD45 /* Andrew98x98@2x.png */ = {isa = PBXFileReference; lastKnownFileType = image.png; path = "Andrew98x98@2x.png"; sourceTree = "<group>"; };
		CBE363DA17DC018B00C2EF89 /* bluenote-ios.app */ = {isa = PBXFileReference; explicitFileType = wrapper.application; includeInIndex = 0; path = "bluenote-ios.app"; sourceTree = BUILT_PRODUCTS_DIR; };
		CBE363DD17DC018B00C2EF89 /* Foundation.framework */ = {isa = PBXFileReference; lastKnownFileType = wrapper.framework; name = Foundation.framework; path = System/Library/Frameworks/Foundation.framework; sourceTree = SDKROOT; };
		CBE363DF17DC018B00C2EF89 /* CoreGraphics.framework */ = {isa = PBXFileReference; lastKnownFileType = wrapper.framework; name = CoreGraphics.framework; path = System/Library/Frameworks/CoreGraphics.framework; sourceTree = SDKROOT; };
		CBE363E117DC018B00C2EF89 /* UIKit.framework */ = {isa = PBXFileReference; lastKnownFileType = wrapper.framework; name = UIKit.framework; path = System/Library/Frameworks/UIKit.framework; sourceTree = SDKROOT; };
		CBE363E517DC018B00C2EF89 /* bluenote-ios-Info.plist */ = {isa = PBXFileReference; lastKnownFileType = text.plist.xml; path = "bluenote-ios-Info.plist"; sourceTree = "<group>"; };
		CBE363E717DC018B00C2EF89 /* en */ = {isa = PBXFileReference; lastKnownFileType = text.plist.strings; name = en; path = en.lproj/InfoPlist.strings; sourceTree = "<group>"; };
		CBE363E917DC018B00C2EF89 /* main.m */ = {isa = PBXFileReference; lastKnownFileType = sourcecode.c.objc; path = main.m; sourceTree = "<group>"; };
		CBE363EB17DC018B00C2EF89 /* bluenote-ios-Prefix.pch */ = {isa = PBXFileReference; lastKnownFileType = sourcecode.c.h; path = "bluenote-ios-Prefix.pch"; sourceTree = "<group>"; };
		CBE363EC17DC018B00C2EF89 /* AppDelegate.h */ = {isa = PBXFileReference; lastKnownFileType = sourcecode.c.h; path = AppDelegate.h; sourceTree = "<group>"; };
		CBE363ED17DC018B00C2EF89 /* AppDelegate.m */ = {isa = PBXFileReference; lastKnownFileType = sourcecode.c.objc; path = AppDelegate.m; sourceTree = "<group>"; };
		CBE363F017DC018B00C2EF89 /* Base */ = {isa = PBXFileReference; lastKnownFileType = file.storyboard; name = Base; path = Base.lproj/Main.storyboard; sourceTree = "<group>"; };
		CBE363F217DC018B00C2EF89 /* MasterViewController.h */ = {isa = PBXFileReference; lastKnownFileType = sourcecode.c.h; path = MasterViewController.h; sourceTree = "<group>"; };
		CBE363F317DC018B00C2EF89 /* MasterViewController.m */ = {isa = PBXFileReference; lastKnownFileType = sourcecode.c.objc; path = MasterViewController.m; sourceTree = "<group>"; };
		CBE363F517DC018B00C2EF89 /* DetailViewController.h */ = {isa = PBXFileReference; lastKnownFileType = sourcecode.c.h; path = DetailViewController.h; sourceTree = "<group>"; };
		CBE363F617DC018B00C2EF89 /* DetailViewController.m */ = {isa = PBXFileReference; lastKnownFileType = sourcecode.c.objc; path = DetailViewController.m; sourceTree = "<group>"; };
		CBE363F817DC018B00C2EF89 /* Images.xcassets */ = {isa = PBXFileReference; lastKnownFileType = folder.assetcatalog; path = Images.xcassets; sourceTree = "<group>"; };
		CBE363FE17DC018C00C2EF89 /* bluenote-iosTests.xctest */ = {isa = PBXFileReference; explicitFileType = wrapper.cfbundle; includeInIndex = 0; path = "bluenote-iosTests.xctest"; sourceTree = BUILT_PRODUCTS_DIR; };
		CBE363FF17DC018C00C2EF89 /* XCTest.framework */ = {isa = PBXFileReference; lastKnownFileType = wrapper.framework; name = XCTest.framework; path = Library/Frameworks/XCTest.framework; sourceTree = DEVELOPER_DIR; };
		CBE3640717DC018C00C2EF89 /* bluenote-iosTests-Info.plist */ = {isa = PBXFileReference; lastKnownFileType = text.plist.xml; path = "bluenote-iosTests-Info.plist"; sourceTree = "<group>"; };
		CBE3640917DC018C00C2EF89 /* en */ = {isa = PBXFileReference; lastKnownFileType = text.plist.strings; name = en; path = en.lproj/InfoPlist.strings; sourceTree = "<group>"; };
		CBE3640B17DC018C00C2EF89 /* bluenote_iosTests.m */ = {isa = PBXFileReference; lastKnownFileType = sourcecode.c.objc; path = bluenote_iosTests.m; sourceTree = "<group>"; };
		CBE3641617DC01C000C2EF89 /* Note.h */ = {isa = PBXFileReference; fileEncoding = 4; lastKnownFileType = sourcecode.c.h; path = Note.h; sourceTree = "<group>"; };
		CBE3641717DC01C000C2EF89 /* Note.m */ = {isa = PBXFileReference; fileEncoding = 4; lastKnownFileType = sourcecode.c.objc; path = Note.m; sourceTree = "<group>"; };
		CBE3641817DC01C000C2EF89 /* User.h */ = {isa = PBXFileReference; fileEncoding = 4; lastKnownFileType = sourcecode.c.h; path = User.h; sourceTree = "<group>"; };
		CBE3641917DC01C000C2EF89 /* User.m */ = {isa = PBXFileReference; fileEncoding = 4; lastKnownFileType = sourcecode.c.objc; path = User.m; sourceTree = "<group>"; };
/* End PBXFileReference section */

/* Begin PBXFrameworksBuildPhase section */
		CBE363D717DC018B00C2EF89 /* Frameworks */ = {
			isa = PBXFrameworksBuildPhase;
			buildActionMask = 2147483647;
			files = (
				2583113817DC142C0093B5B2 /* CoreBluetooth.framework in Frameworks */,
				2583113617DC14250093B5B2 /* CoreLocation.framework in Frameworks */,
				CBE363E017DC018B00C2EF89 /* CoreGraphics.framework in Frameworks */,
				CBE363E217DC018B00C2EF89 /* UIKit.framework in Frameworks */,
				CBE363DE17DC018B00C2EF89 /* Foundation.framework in Frameworks */,
				AB68E89D00A243EB96329240 /* libPods.a in Frameworks */,
			);
			runOnlyForDeploymentPostprocessing = 0;
		};
		CBE363FB17DC018C00C2EF89 /* Frameworks */ = {
			isa = PBXFrameworksBuildPhase;
			buildActionMask = 2147483647;
			files = (
				CBE3640017DC018C00C2EF89 /* XCTest.framework in Frameworks */,
				CBE3640217DC018C00C2EF89 /* UIKit.framework in Frameworks */,
				CBE3640117DC018C00C2EF89 /* Foundation.framework in Frameworks */,
			);
			runOnlyForDeploymentPostprocessing = 0;
		};
/* End PBXFrameworksBuildPhase section */

/* Begin PBXGroup section */
		491B1A9B17DC22AA00B9C07D /* Assets */ = {
			isa = PBXGroup;
			children = (
				491B1AB517DC23E200B9C07D /* AppIcon29x29.png */,
				491B1AB617DC23E200B9C07D /* AppIcon29x29@2x.png */,
				491B1AB717DC23E200B9C07D /* AppIcon40x40.png */,
				491B1AB817DC23E200B9C07D /* AppIcon40x40@2x.png */,
				491B1AB917DC23E200B9C07D /* AppIcon60x60.png */,
				491B1ABA17DC23E200B9C07D /* AppIcon60x60@2x.png */,
				491B1ABB17DC23E200B9C07D /* AppIcon76x76.png */,
				491B1ABC17DC23E200B9C07D /* AppIcon76x76@2x.png */,
				491B1ABD17DC23E200B9C07D /* iTunesArtwork.png */,
				491B1ABE17DC23E200B9C07D /* iTunesArtwork@2x.png */,
			);
			name = Assets;
			sourceTree = "<group>";
		};
		CBE363D117DC018B00C2EF89 = {
			isa = PBXGroup;
			children = (
				CBE363E317DC018B00C2EF89 /* bluenote-ios */,
				CBE3640517DC018C00C2EF89 /* bluenote-iosTests */,
				CBE363DC17DC018B00C2EF89 /* Frameworks */,
				CBE363DB17DC018B00C2EF89 /* Products */,
				5B7BDB0307B54471B834A77D /* Pods.xcconfig */,
			);
			sourceTree = "<group>";
		};
		CBE363DB17DC018B00C2EF89 /* Products */ = {
			isa = PBXGroup;
			children = (
				CBE363DA17DC018B00C2EF89 /* bluenote-ios.app */,
				CBE363FE17DC018C00C2EF89 /* bluenote-iosTests.xctest */,
			);
			name = Products;
			sourceTree = "<group>";
		};
		CBE363DC17DC018B00C2EF89 /* Frameworks */ = {
			isa = PBXGroup;
			children = (
				2583113717DC142C0093B5B2 /* CoreBluetooth.framework */,
				2583113517DC14250093B5B2 /* CoreLocation.framework */,
				CBE363DD17DC018B00C2EF89 /* Foundation.framework */,
				CBE363DF17DC018B00C2EF89 /* CoreGraphics.framework */,
				CBE363E117DC018B00C2EF89 /* UIKit.framework */,
				CBE363FF17DC018C00C2EF89 /* XCTest.framework */,
				C0A78F4E33444004A92586A6 /* libPods.a */,
			);
			name = Frameworks;
			sourceTree = "<group>";
		};
		CBE363E317DC018B00C2EF89 /* bluenote-ios */ = {
			isa = PBXGroup;
			children = (
				491B1A9B17DC22AA00B9C07D /* Assets */,
				CBE3641517DC01B400C2EF89 /* models */,
				CBE363EC17DC018B00C2EF89 /* AppDelegate.h */,
				CBE363ED17DC018B00C2EF89 /* AppDelegate.m */,
				CBE363EF17DC018B00C2EF89 /* Main.storyboard */,
				CBB82F2717DC7B40003ADD45 /* Randy98x98@2xhighlight.png */,
				CBB82F2F17DC7B49003ADD45 /* OfficeIcon98x98 (2).png */,
				CBB82F3117DC7B4F003ADD45 /* HomeIcon98x98.png */,
				CBB82F3317DC7B58003ADD45 /* Mila98x98@2x.png */,
				CBB82F3517DC7B5D003ADD45 /* Andrew98x98@2x.png */,
				CBB82F2817DC7B40003ADD45 /* Randy98x98@2x.png */,
				CBB82F2917DC7B40003ADD45 /* Mila98x98@2xhighlight.png */,
				CBB82F2A17DC7B40003ADD45 /* Andrew98x98@2xhighlight.png */,
				CBE363F217DC018B00C2EF89 /* MasterViewController.h */,
				CBE363F317DC018B00C2EF89 /* MasterViewController.m */,
				CBE363F517DC018B00C2EF89 /* DetailViewController.h */,
				CBE363F617DC018B00C2EF89 /* DetailViewController.m */,
				CBE363F817DC018B00C2EF89 /* Images.xcassets */,
				CBE363E417DC018B00C2EF89 /* Supporting Files */,
				CBB82F2217DC7AB8003ADD45 /* AddNoteViewController.h */,
				CBB82F2317DC7AB8003ADD45 /* AddNoteViewController.m */,
				CBB82F2417DC7AB8003ADD45 /* AddNoteViewController.xib */,
			);
			path = "bluenote-ios";
			sourceTree = "<group>";
		};
		CBE363E417DC018B00C2EF89 /* Supporting Files */ = {
			isa = PBXGroup;
			children = (
				CBE363E517DC018B00C2EF89 /* bluenote-ios-Info.plist */,
				CBE363E617DC018B00C2EF89 /* InfoPlist.strings */,
				CBE363E917DC018B00C2EF89 /* main.m */,
				CBE363EB17DC018B00C2EF89 /* bluenote-ios-Prefix.pch */,
			);
			name = "Supporting Files";
			sourceTree = "<group>";
		};
		CBE3640517DC018C00C2EF89 /* bluenote-iosTests */ = {
			isa = PBXGroup;
			children = (
				CBE3640B17DC018C00C2EF89 /* bluenote_iosTests.m */,
				CBE3640617DC018C00C2EF89 /* Supporting Files */,
			);
			path = "bluenote-iosTests";
			sourceTree = "<group>";
		};
		CBE3640617DC018C00C2EF89 /* Supporting Files */ = {
			isa = PBXGroup;
			children = (
				CBE3640717DC018C00C2EF89 /* bluenote-iosTests-Info.plist */,
				CBE3640817DC018C00C2EF89 /* InfoPlist.strings */,
			);
			name = "Supporting Files";
			sourceTree = "<group>";
		};
		CBE3641517DC01B400C2EF89 /* models */ = {
			isa = PBXGroup;
			children = (
				CBE3641617DC01C000C2EF89 /* Note.h */,
				CBE3641717DC01C000C2EF89 /* Note.m */,
				CBE3641817DC01C000C2EF89 /* User.h */,
				CBE3641917DC01C000C2EF89 /* User.m */,
			);
			name = models;
			sourceTree = "<group>";
		};
/* End PBXGroup section */

/* Begin PBXNativeTarget section */
		CBE363D917DC018B00C2EF89 /* bluenote-ios */ = {
			isa = PBXNativeTarget;
			buildConfigurationList = CBE3640F17DC018C00C2EF89 /* Build configuration list for PBXNativeTarget "bluenote-ios" */;
			buildPhases = (
				8885FC106200499193B2DDAD /* Check Pods Manifest.lock */,
				CBE363D617DC018B00C2EF89 /* Sources */,
				CBE363D717DC018B00C2EF89 /* Frameworks */,
				CBE363D817DC018B00C2EF89 /* Resources */,
				3BF815FCCAB64B45AFE366A0 /* Copy Pods Resources */,
			);
			buildRules = (
			);
			dependencies = (
			);
			name = "bluenote-ios";
			productName = "bluenote-ios";
			productReference = CBE363DA17DC018B00C2EF89 /* bluenote-ios.app */;
			productType = "com.apple.product-type.application";
		};
		CBE363FD17DC018C00C2EF89 /* bluenote-iosTests */ = {
			isa = PBXNativeTarget;
			buildConfigurationList = CBE3641217DC018C00C2EF89 /* Build configuration list for PBXNativeTarget "bluenote-iosTests" */;
			buildPhases = (
				CBE363FA17DC018C00C2EF89 /* Sources */,
				CBE363FB17DC018C00C2EF89 /* Frameworks */,
				CBE363FC17DC018C00C2EF89 /* Resources */,
			);
			buildRules = (
			);
			dependencies = (
				CBE3640417DC018C00C2EF89 /* PBXTargetDependency */,
			);
			name = "bluenote-iosTests";
			productName = "bluenote-iosTests";
			productReference = CBE363FE17DC018C00C2EF89 /* bluenote-iosTests.xctest */;
			productType = "com.apple.product-type.bundle.unit-test";
		};
/* End PBXNativeTarget section */

/* Begin PBXProject section */
		CBE363D217DC018B00C2EF89 /* Project object */ = {
			isa = PBXProject;
			attributes = {
				LastUpgradeCheck = 0500;
				ORGANIZATIONNAME = "Charlie White";
				TargetAttributes = {
					CBE363FD17DC018C00C2EF89 = {
						TestTargetID = CBE363D917DC018B00C2EF89;
					};
				};
			};
			buildConfigurationList = CBE363D517DC018B00C2EF89 /* Build configuration list for PBXProject "bluenote-ios" */;
			compatibilityVersion = "Xcode 3.2";
			developmentRegion = English;
			hasScannedForEncodings = 0;
			knownRegions = (
				en,
				Base,
			);
			mainGroup = CBE363D117DC018B00C2EF89;
			productRefGroup = CBE363DB17DC018B00C2EF89 /* Products */;
			projectDirPath = "";
			projectRoot = "";
			targets = (
				CBE363D917DC018B00C2EF89 /* bluenote-ios */,
				CBE363FD17DC018C00C2EF89 /* bluenote-iosTests */,
			);
		};
/* End PBXProject section */

/* Begin PBXResourcesBuildPhase section */
		CBE363D817DC018B00C2EF89 /* Resources */ = {
			isa = PBXResourcesBuildPhase;
			buildActionMask = 2147483647;
			files = (
				491B1AC217DC23E200B9C07D /* AppIcon40x40@2x.png in Resources */,
				491B1AC817DC23E200B9C07D /* iTunesArtwork@2x.png in Resources */,
				CBE363F917DC018B00C2EF89 /* Images.xcassets in Resources */,
				491B1AC517DC23E200B9C07D /* AppIcon76x76.png in Resources */,
				491B1AC417DC23E200B9C07D /* AppIcon60x60@2x.png in Resources */,
				491B1AC017DC23E200B9C07D /* AppIcon29x29@2x.png in Resources */,
				CBB82F2C17DC7B40003ADD45 /* Randy98x98@2x.png in Resources */,
				CBE363E817DC018B00C2EF89 /* InfoPlist.strings in Resources */,
				CBB82F3017DC7B49003ADD45 /* OfficeIcon98x98 (2).png in Resources */,
				491B1AC117DC23E200B9C07D /* AppIcon40x40.png in Resources */,
				CBB82F2617DC7AB8003ADD45 /* AddNoteViewController.xib in Resources */,
				CBE363F117DC018B00C2EF89 /* Main.storyboard in Resources */,
				CBB82F2D17DC7B40003ADD45 /* Mila98x98@2xhighlight.png in Resources */,
				491B1AC717DC23E200B9C07D /* iTunesArtwork.png in Resources */,
				CBB82F3417DC7B58003ADD45 /* Mila98x98@2x.png in Resources */,
				CBB82F2B17DC7B40003ADD45 /* Randy98x98@2xhighlight.png in Resources */,
				CBB82F3617DC7B5D003ADD45 /* Andrew98x98@2x.png in Resources */,
				491B1AC617DC23E200B9C07D /* AppIcon76x76@2x.png in Resources */,
				CBB82F3217DC7B4F003ADD45 /* HomeIcon98x98.png in Resources */,
				CBB82F2E17DC7B40003ADD45 /* Andrew98x98@2xhighlight.png in Resources */,
				491B1ABF17DC23E200B9C07D /* AppIcon29x29.png in Resources */,
				491B1AC317DC23E200B9C07D /* AppIcon60x60.png in Resources */,
			);
			runOnlyForDeploymentPostprocessing = 0;
		};
		CBE363FC17DC018C00C2EF89 /* Resources */ = {
			isa = PBXResourcesBuildPhase;
			buildActionMask = 2147483647;
			files = (
				CBE3640A17DC018C00C2EF89 /* InfoPlist.strings in Resources */,
			);
			runOnlyForDeploymentPostprocessing = 0;
		};
/* End PBXResourcesBuildPhase section */

/* Begin PBXShellScriptBuildPhase section */
		3BF815FCCAB64B45AFE366A0 /* Copy Pods Resources */ = {
			isa = PBXShellScriptBuildPhase;
			buildActionMask = 2147483647;
			files = (
			);
			inputPaths = (
			);
			name = "Copy Pods Resources";
			outputPaths = (
			);
			runOnlyForDeploymentPostprocessing = 0;
			shellPath = /bin/sh;
			shellScript = "\"${SRCROOT}/Pods/Pods-resources.sh\"\n";
			showEnvVarsInLog = 0;
		};
		8885FC106200499193B2DDAD /* Check Pods Manifest.lock */ = {
			isa = PBXShellScriptBuildPhase;
			buildActionMask = 2147483647;
			files = (
			);
			inputPaths = (
			);
			name = "Check Pods Manifest.lock";
			outputPaths = (
			);
			runOnlyForDeploymentPostprocessing = 0;
			shellPath = /bin/sh;
			shellScript = "diff \"${PODS_ROOT}/../Podfile.lock\" \"${PODS_ROOT}/Manifest.lock\" > /dev/null\nif [[ $? != 0 ]] ; then\n    cat << EOM\nerror: The sandbox is not in sync with the Podfile.lock. Run 'pod install' or update your CocoaPods installation.\nEOM\n    exit 1\nfi\n";
			showEnvVarsInLog = 0;
		};
/* End PBXShellScriptBuildPhase section */

/* Begin PBXSourcesBuildPhase section */
		CBE363D617DC018B00C2EF89 /* Sources */ = {
			isa = PBXSourcesBuildPhase;
			buildActionMask = 2147483647;
			files = (
				CBE3641A17DC01C000C2EF89 /* Note.m in Sources */,
				CBB82F2517DC7AB8003ADD45 /* AddNoteViewController.m in Sources */,
				CBE363EE17DC018B00C2EF89 /* AppDelegate.m in Sources */,
				CBE3641B17DC01C000C2EF89 /* User.m in Sources */,
				CBE363F417DC018B00C2EF89 /* MasterViewController.m in Sources */,
				CBE363EA17DC018B00C2EF89 /* main.m in Sources */,
				CBE363F717DC018B00C2EF89 /* DetailViewController.m in Sources */,
			);
			runOnlyForDeploymentPostprocessing = 0;
		};
		CBE363FA17DC018C00C2EF89 /* Sources */ = {
			isa = PBXSourcesBuildPhase;
			buildActionMask = 2147483647;
			files = (
				CBE3640C17DC018C00C2EF89 /* bluenote_iosTests.m in Sources */,
			);
			runOnlyForDeploymentPostprocessing = 0;
		};
/* End PBXSourcesBuildPhase section */

/* Begin PBXTargetDependency section */
		CBE3640417DC018C00C2EF89 /* PBXTargetDependency */ = {
			isa = PBXTargetDependency;
			target = CBE363D917DC018B00C2EF89 /* bluenote-ios */;
			targetProxy = CBE3640317DC018C00C2EF89 /* PBXContainerItemProxy */;
		};
/* End PBXTargetDependency section */

/* Begin PBXVariantGroup section */
		CBE363E617DC018B00C2EF89 /* InfoPlist.strings */ = {
			isa = PBXVariantGroup;
			children = (
				CBE363E717DC018B00C2EF89 /* en */,
			);
			name = InfoPlist.strings;
			sourceTree = "<group>";
		};
		CBE363EF17DC018B00C2EF89 /* Main.storyboard */ = {
			isa = PBXVariantGroup;
			children = (
				CBE363F017DC018B00C2EF89 /* Base */,
			);
			name = Main.storyboard;
			sourceTree = "<group>";
		};
		CBE3640817DC018C00C2EF89 /* InfoPlist.strings */ = {
			isa = PBXVariantGroup;
			children = (
				CBE3640917DC018C00C2EF89 /* en */,
			);
			name = InfoPlist.strings;
			sourceTree = "<group>";
		};
/* End PBXVariantGroup section */

/* Begin XCBuildConfiguration section */
		CBE3640D17DC018C00C2EF89 /* Debug */ = {
			isa = XCBuildConfiguration;
			buildSettings = {
				ALWAYS_SEARCH_USER_PATHS = NO;
				CLANG_CXX_LANGUAGE_STANDARD = "gnu++0x";
				CLANG_CXX_LIBRARY = "libc++";
				CLANG_ENABLE_MODULES = YES;
				CLANG_ENABLE_OBJC_ARC = YES;
				CLANG_WARN_BOOL_CONVERSION = YES;
				CLANG_WARN_CONSTANT_CONVERSION = YES;
				CLANG_WARN_DIRECT_OBJC_ISA_USAGE = YES_ERROR;
				CLANG_WARN_EMPTY_BODY = YES;
				CLANG_WARN_ENUM_CONVERSION = YES;
				CLANG_WARN_INT_CONVERSION = YES;
				CLANG_WARN_OBJC_ROOT_CLASS = YES_ERROR;
				CLANG_WARN__DUPLICATE_METHOD_MATCH = YES;
				"CODE_SIGN_IDENTITY[sdk=iphoneos*]" = "iPhone Developer";
				COPY_PHASE_STRIP = NO;
				GCC_C_LANGUAGE_STANDARD = gnu99;
				GCC_DYNAMIC_NO_PIC = NO;
				GCC_OPTIMIZATION_LEVEL = 0;
				GCC_PREPROCESSOR_DEFINITIONS = (
					"DEBUG=1",
					"$(inherited)",
				);
				GCC_SYMBOLS_PRIVATE_EXTERN = NO;
				GCC_WARN_ABOUT_RETURN_TYPE = YES_ERROR;
				GCC_WARN_UNDECLARED_SELECTOR = YES;
				GCC_WARN_UNINITIALIZED_AUTOS = YES;
				GCC_WARN_UNUSED_FUNCTION = YES;
				GCC_WARN_UNUSED_VARIABLE = YES;
				IPHONEOS_DEPLOYMENT_TARGET = 7.0;
				ONLY_ACTIVE_ARCH = YES;
				SDKROOT = iphoneos;
			};
			name = Debug;
		};
		CBE3640E17DC018C00C2EF89 /* Release */ = {
			isa = XCBuildConfiguration;
			buildSettings = {
				ALWAYS_SEARCH_USER_PATHS = NO;
				CLANG_CXX_LANGUAGE_STANDARD = "gnu++0x";
				CLANG_CXX_LIBRARY = "libc++";
				CLANG_ENABLE_MODULES = YES;
				CLANG_ENABLE_OBJC_ARC = YES;
				CLANG_WARN_BOOL_CONVERSION = YES;
				CLANG_WARN_CONSTANT_CONVERSION = YES;
				CLANG_WARN_DIRECT_OBJC_ISA_USAGE = YES_ERROR;
				CLANG_WARN_EMPTY_BODY = YES;
				CLANG_WARN_ENUM_CONVERSION = YES;
				CLANG_WARN_INT_CONVERSION = YES;
				CLANG_WARN_OBJC_ROOT_CLASS = YES_ERROR;
				CLANG_WARN__DUPLICATE_METHOD_MATCH = YES;
				"CODE_SIGN_IDENTITY[sdk=iphoneos*]" = "iPhone Developer";
				COPY_PHASE_STRIP = YES;
				ENABLE_NS_ASSERTIONS = NO;
				GCC_C_LANGUAGE_STANDARD = gnu99;
				GCC_WARN_ABOUT_RETURN_TYPE = YES_ERROR;
				GCC_WARN_UNDECLARED_SELECTOR = YES;
				GCC_WARN_UNINITIALIZED_AUTOS = YES;
				GCC_WARN_UNUSED_FUNCTION = YES;
				GCC_WARN_UNUSED_VARIABLE = YES;
				IPHONEOS_DEPLOYMENT_TARGET = 7.0;
				SDKROOT = iphoneos;
				VALIDATE_PRODUCT = YES;
			};
			name = Release;
		};
		CBE3641017DC018C00C2EF89 /* Debug */ = {
			isa = XCBuildConfiguration;
			baseConfigurationReference = 5B7BDB0307B54471B834A77D /* Pods.xcconfig */;
			buildSettings = {
				ASSETCATALOG_COMPILER_APPICON_NAME = AppIcon;
				ASSETCATALOG_COMPILER_LAUNCHIMAGE_NAME = LaunchImage;
				GCC_PRECOMPILE_PREFIX_HEADER = YES;
				GCC_PREFIX_HEADER = "bluenote-ios/bluenote-ios-Prefix.pch";
				INFOPLIST_FILE = "bluenote-ios/bluenote-ios-Info.plist";
				PRODUCT_NAME = "$(TARGET_NAME)";
				WRAPPER_EXTENSION = app;
			};
			name = Debug;
		};
		CBE3641117DC018C00C2EF89 /* Release */ = {
			isa = XCBuildConfiguration;
			baseConfigurationReference = 5B7BDB0307B54471B834A77D /* Pods.xcconfig */;
			buildSettings = {
				ASSETCATALOG_COMPILER_APPICON_NAME = AppIcon;
				ASSETCATALOG_COMPILER_LAUNCHIMAGE_NAME = LaunchImage;
				GCC_PRECOMPILE_PREFIX_HEADER = YES;
				GCC_PREFIX_HEADER = "bluenote-ios/bluenote-ios-Prefix.pch";
				INFOPLIST_FILE = "bluenote-ios/bluenote-ios-Info.plist";
				PRODUCT_NAME = "$(TARGET_NAME)";
				WRAPPER_EXTENSION = app;
			};
			name = Release;
		};
		CBE3641317DC018C00C2EF89 /* Debug */ = {
			isa = XCBuildConfiguration;
			buildSettings = {
				BUNDLE_LOADER = "$(BUILT_PRODUCTS_DIR)/bluenote-ios.app/bluenote-ios";
				FRAMEWORK_SEARCH_PATHS = (
					"$(SDKROOT)/Developer/Library/Frameworks",
					"$(inherited)",
					"$(DEVELOPER_FRAMEWORKS_DIR)",
				);
				GCC_PRECOMPILE_PREFIX_HEADER = YES;
				GCC_PREFIX_HEADER = "bluenote-ios/bluenote-ios-Prefix.pch";
				GCC_PREPROCESSOR_DEFINITIONS = (
					"DEBUG=1",
					"$(inherited)",
				);
				INFOPLIST_FILE = "bluenote-iosTests/bluenote-iosTests-Info.plist";
				PRODUCT_NAME = "$(TARGET_NAME)";
				TEST_HOST = "$(BUNDLE_LOADER)";
				WRAPPER_EXTENSION = xctest;
			};
			name = Debug;
		};
		CBE3641417DC018C00C2EF89 /* Release */ = {
			isa = XCBuildConfiguration;
			buildSettings = {
				BUNDLE_LOADER = "$(BUILT_PRODUCTS_DIR)/bluenote-ios.app/bluenote-ios";
				FRAMEWORK_SEARCH_PATHS = (
					"$(SDKROOT)/Developer/Library/Frameworks",
					"$(inherited)",
					"$(DEVELOPER_FRAMEWORKS_DIR)",
				);
				GCC_PRECOMPILE_PREFIX_HEADER = YES;
				GCC_PREFIX_HEADER = "bluenote-ios/bluenote-ios-Prefix.pch";
				INFOPLIST_FILE = "bluenote-iosTests/bluenote-iosTests-Info.plist";
				PRODUCT_NAME = "$(TARGET_NAME)";
				TEST_HOST = "$(BUNDLE_LOADER)";
				WRAPPER_EXTENSION = xctest;
			};
			name = Release;
		};
/* End XCBuildConfiguration section */

/* Begin XCConfigurationList section */
		CBE363D517DC018B00C2EF89 /* Build configuration list for PBXProject "bluenote-ios" */ = {
			isa = XCConfigurationList;
			buildConfigurations = (
				CBE3640D17DC018C00C2EF89 /* Debug */,
				CBE3640E17DC018C00C2EF89 /* Release */,
			);
			defaultConfigurationIsVisible = 0;
			defaultConfigurationName = Release;
		};
		CBE3640F17DC018C00C2EF89 /* Build configuration list for PBXNativeTarget "bluenote-ios" */ = {
			isa = XCConfigurationList;
			buildConfigurations = (
				CBE3641017DC018C00C2EF89 /* Debug */,
				CBE3641117DC018C00C2EF89 /* Release */,
			);
			defaultConfigurationIsVisible = 0;
			defaultConfigurationName = Release;
		};
		CBE3641217DC018C00C2EF89 /* Build configuration list for PBXNativeTarget "bluenote-iosTests" */ = {
			isa = XCConfigurationList;
			buildConfigurations = (
				CBE3641317DC018C00C2EF89 /* Debug */,
				CBE3641417DC018C00C2EF89 /* Release */,
			);
			defaultConfigurationIsVisible = 0;
			defaultConfigurationName = Release;
		};
/* End XCConfigurationList section */
	};
	rootObject = CBE363D217DC018B00C2EF89 /* Project object */;
}
